
Microsoft Visual Studio Solution File, Format Version 12.00
# Visual Studio Version 17
VisualStudioVersion = 17.9.34728.123
MinimumVisualStudioVersion = 10.0.40219.1
Project("{FAE04EC0-301F-11D3-BF4B-00C04F79EFBC}") = "BlazorApp1", "BlazorApp1.csproj", "{A20AA016-6CCD-4D82-BC4B-A06C7B2068AF}"
EndProject
Global
	GlobalSection(SolutionConfigurationPlatforms) = preSolution
		Debug|Any CPU = Debug|Any CPU
		Release|Any CPU = Release|Any CPU
	EndGlobalSection
	GlobalSection(ProjectConfigurationPlatforms) = postSolution
		{A20AA016-6CCD-4D82-BC4B-A06C7B2068AF}.Debug|Any CPU.ActiveCfg = Debug|Any CPU
		{A20AA016-6CCD-4D82-BC4B-A06C7B2068AF}.Debug|Any CPU.Build.0 = Debug|Any CPU
		{A20AA016-6CCD-4D82-BC4B-A06C7B2068AF}.Release|Any CPU.ActiveCfg = Release|Any CPU
		{A20AA016-6CCD-4D82-BC4B-A06C7B2068AF}.Release|Any CPU.Build.0 = Release|Any CPU
	EndGlobalSection
	GlobalSection(SolutionProperties) = preSolution
		HideSolutionNode = FALSE
	EndGlobalSection
	GlobalSection(ExtensibilityGlobals) = postSolution
		SolutionGuid = {92A97FD8-3FF0-41A8-958B-F74311BCDB6F}
	EndGlobalSection
EndGlobal
